
Microsoft Visual Studio Solution File, Format Version 12.00
# Visual Studio Version 17
VisualStudioVersion = 17.0.31903.59
MinimumVisualStudioVersion = 10.0.40219.1
Project("{FAE04EC0-301F-11D3-BF4B-00C04F79EFBC}") = "Auth", "Auth\Auth.csproj", "{19FDA3E3-D97A-47D3-83F8-8C28D7E4BDE1}"
EndProject
Global
	GlobalSection(SolutionConfigurationPlatforms) = preSolution
		Debug|Any CPU = Debug|Any CPU
		Release|Any CPU = Release|Any CPU
	EndGlobalSection
	GlobalSection(SolutionProperties) = preSolution
		HideSolutionNode = FALSE
	EndGlobalSection
	GlobalSection(ProjectConfigurationPlatforms) = postSolution
		{19FDA3E3-D97A-47D3-83F8-8C28D7E4BDE1}.Debug|Any CPU.ActiveCfg = Debug|Any CPU
		{19FDA3E3-D97A-47D3-83F8-8C28D7E4BDE1}.Debug|Any CPU.Build.0 = Debug|Any CPU
		{19FDA3E3-D97A-47D3-83F8-8C28D7E4BDE1}.Release|Any CPU.ActiveCfg = Release|Any CPU
		{19FDA3E3-D97A-47D3-83F8-8C28D7E4BDE1}.Release|Any CPU.Build.0 = Release|Any CPU
	EndGlobalSection
EndGlobal
